
Microsoft Visual Studio Solution File, Format Version 12.00
# Visual Studio Version 17
VisualStudioVersion = 17.13.35617.110
MinimumVisualStudioVersion = 10.0.40219.1
Project("{FAE04EC0-301F-11D3-BF4B-00C04F79EFBC}") = "Corvus.Json.ContentHandling", "Corvus.Json.ContentHandling\Corvus.Json.ContentHandling.csproj", "{AC53EC29-6125-4FA2-82C0-E0B27DE36955}"
EndProject
Project("{FAE04EC0-301F-11D3-BF4B-00C04F79EFBC}") = "Sandbox", "Sandbox\Sandbox.csproj", "{4FDC4010-59EF-4504-8941-D86492102817}"
EndProject
Project("{FAE04EC0-301F-11D3-BF4B-00C04F79EFBC}") = "ExampleBaseHandler", "ExampleBaseHandler\ExampleBaseHandler.csproj", "{B1644FDF-8CAD-48F2-9ABC-367957E3EBD0}"
EndProject
Project("{FAE04EC0-301F-11D3-BF4B-00C04F79EFBC}") = "ExampleExtensionHandler", "ExampleExtensionHandler\ExampleExtensionHandler.csproj", "{9E961F1F-5376-48F3-98B5-02B9148E5FD3}"
EndProject
Global
	GlobalSection(SolutionConfigurationPlatforms) = preSolution
		Debug|Any CPU = Debug|Any CPU
		Release|Any CPU = Release|Any CPU
	EndGlobalSection
	GlobalSection(ProjectConfigurationPlatforms) = postSolution
		{AC53EC29-6125-4FA2-82C0-E0B27DE36955}.Debug|Any CPU.ActiveCfg = Debug|Any CPU
		{AC53EC29-6125-4FA2-82C0-E0B27DE36955}.Debug|Any CPU.Build.0 = Debug|Any CPU
		{AC53EC29-6125-4FA2-82C0-E0B27DE36955}.Release|Any CPU.ActiveCfg = Release|Any CPU
		{AC53EC29-6125-4FA2-82C0-E0B27DE36955}.Release|Any CPU.Build.0 = Release|Any CPU
		{4FDC4010-59EF-4504-8941-D86492102817}.Debug|Any CPU.ActiveCfg = Debug|Any CPU
		{4FDC4010-59EF-4504-8941-D86492102817}.Debug|Any CPU.Build.0 = Debug|Any CPU
		{4FDC4010-59EF-4504-8941-D86492102817}.Release|Any CPU.ActiveCfg = Release|Any CPU
		{4FDC4010-59EF-4504-8941-D86492102817}.Release|Any CPU.Build.0 = Release|Any CPU
		{B1644FDF-8CAD-48F2-9ABC-367957E3EBD0}.Debug|Any CPU.ActiveCfg = Debug|Any CPU
		{B1644FDF-8CAD-48F2-9ABC-367957E3EBD0}.Debug|Any CPU.Build.0 = Debug|Any CPU
		{B1644FDF-8CAD-48F2-9ABC-367957E3EBD0}.Release|Any CPU.ActiveCfg = Release|Any CPU
		{B1644FDF-8CAD-48F2-9ABC-367957E3EBD0}.Release|Any CPU.Build.0 = Release|Any CPU
		{9E961F1F-5376-48F3-98B5-02B9148E5FD3}.Debug|Any CPU.ActiveCfg = Debug|Any CPU
		{9E961F1F-5376-48F3-98B5-02B9148E5FD3}.Debug|Any CPU.Build.0 = Debug|Any CPU
		{9E961F1F-5376-48F3-98B5-02B9148E5FD3}.Release|Any CPU.ActiveCfg = Release|Any CPU
		{9E961F1F-5376-48F3-98B5-02B9148E5FD3}.Release|Any CPU.Build.0 = Release|Any CPU
	EndGlobalSection
	GlobalSection(SolutionProperties) = preSolution
		HideSolutionNode = FALSE
	EndGlobalSection
	GlobalSection(ExtensibilityGlobals) = postSolution
		SolutionGuid = {8791CA5F-63EC-4C05-92BD-D7FB37EF763C}
	EndGlobalSection
EndGlobal
